
Microsoft Visual Studio Solution File, Format Version 12.00
# Visual Studio Version 17
VisualStudioVersion = 17.4.33103.184
MinimumVisualStudioVersion = 10.0.40219.1
Project("{FAE04EC0-301F-11D3-BF4B-00C04F79EFBC}") = "LibreriaEmpleado", "LibreriaEmpleado\LibreriaEmpleado.csproj", "{C9BD7537-9B84-4BF3-8A92-422A7BFD4162}"
EndProject
Project("{FAE04EC0-301F-11D3-BF4B-00C04F79EFBC}") = "PresentacionWindows", "PresentacionWindows\PresentacionWindows.csproj", "{802642E9-BB73-48BC-988B-ED391A362B3B}"
EndProject
Global
	GlobalSection(SolutionConfigurationPlatforms) = preSolution
		Debug|Any CPU = Debug|Any CPU
		Release|Any CPU = Release|Any CPU
	EndGlobalSection
	GlobalSection(ProjectConfigurationPlatforms) = postSolution
		{C9BD7537-9B84-4BF3-8A92-422A7BFD4162}.Debug|Any CPU.ActiveCfg = Debug|Any CPU
		{C9BD7537-9B84-4BF3-8A92-422A7BFD4162}.Debug|Any CPU.Build.0 = Debug|Any CPU
		{C9BD7537-9B84-4BF3-8A92-422A7BFD4162}.Release|Any CPU.ActiveCfg = Release|Any CPU
		{C9BD7537-9B84-4BF3-8A92-422A7BFD4162}.Release|Any CPU.Build.0 = Release|Any CPU
		{802642E9-BB73-48BC-988B-ED391A362B3B}.Debug|Any CPU.ActiveCfg = Debug|Any CPU
		{802642E9-BB73-48BC-988B-ED391A362B3B}.Debug|Any CPU.Build.0 = Debug|Any CPU
		{802642E9-BB73-48BC-988B-ED391A362B3B}.Release|Any CPU.ActiveCfg = Release|Any CPU
		{802642E9-BB73-48BC-988B-ED391A362B3B}.Release|Any CPU.Build.0 = Release|Any CPU
	EndGlobalSection
	GlobalSection(SolutionProperties) = preSolution
		HideSolutionNode = FALSE
	EndGlobalSection
	GlobalSection(ExtensibilityGlobals) = postSolution
		SolutionGuid = {B978C75A-2AE5-4951-844C-5977FF584BB2}
	EndGlobalSection
EndGlobal
